
Microsoft Visual Studio Solution File, Format Version 12.00
# Visual Studio 15
VisualStudioVersion = 15.0.27703.2042
MinimumVisualStudioVersion = 10.0.40219.1
Project("{FAE04EC0-301F-11D3-BF4B-00C04F79EFBC}") = "qyExpress", "QyTech.Auth\qyExpress.csproj", "{5CC1C215-71B9-4A36-A134-F4725EBDBA3D}"
EndProject
Project("{FAE04EC0-301F-11D3-BF4B-00C04F79EFBC}") = "QyTech.Core", "QyTech.Core\QyTech.Core.csproj", "{5E104C75-B11B-4206-8FEA-19ECE84D3601}"
EndProject
Project("{FAE04EC0-301F-11D3-BF4B-00C04F79EFBC}") = "QyTech.ExController", "QyTech.Core.Controller\QyTech.ExController.csproj", "{49B43142-BBA6-4BCD-B5CF-315A820D445B}"
EndProject
Project("{FAE04EC0-301F-11D3-BF4B-00C04F79EFBC}") = "QyTech.DbFac", "QyTech.DbFac\QyTech.DbFac.csproj", "{E3DEB9FF-30C0-46A3-B01A-D1754A65CFE6}"
EndProject
Project("{FAE04EC0-301F-11D3-BF4B-00C04F79EFBC}") = "QyTech.Json", "QyTech.Json\QyTech.Json.csproj", "{FC481234-AFC4-4A16-B836-3F32627F2811}"
EndProject
Project("{FAE04EC0-301F-11D3-BF4B-00C04F79EFBC}") = "Dao.WuTaiTemple", "Dao.WuTaiTemple\Dao.WuTaiTemple.csproj", "{50A44E93-4328-467E-8944-A71E01615321}"
EndProject
Project("{FAE04EC0-301F-11D3-BF4B-00C04F79EFBC}") = "WuTaiTempleFire", "WuTaiTempleFire\WuTaiTempleFire.csproj", "{2250F0F8-43E1-4CC8-91C8-21F27407690A}"
EndProject
Project("{FAE04EC0-301F-11D3-BF4B-00C04F79EFBC}") = "Dao.WjGisDb2", "Dao.WjGisDb\Dao.WjGisDb2.csproj", "{5AD51904-AC46-47A2-ADC6-76CBE63B038F}"
EndProject
Project("{FAE04EC0-301F-11D3-BF4B-00C04F79EFBC}") = "QyTech.SoftConf", "QyTech.SoftConf\QyTech.SoftConf.csproj", "{E9E60141-0E95-4682-BF4B-B27E9F082E3E}"
EndProject
Project("{FAE04EC0-301F-11D3-BF4B-00C04F79EFBC}") = "QyTech.SkinForm", "QyTech.Skin\QyTech.SkinForm.csproj", "{712E014E-BC82-4094-8078-CB0636993DE0}"
EndProject
Project("{FAE04EC0-301F-11D3-BF4B-00C04F79EFBC}") = "QyTech.UICreate", "QyTech.UICreate\QyTech.UICreate.csproj", "{09B7032A-CD91-4AD6-924E-57AA71DBD60C}"
EndProject
Project("{FAE04EC0-301F-11D3-BF4B-00C04F79EFBC}") = "QyTech.SoftConfWeb", "QyTech.SoftConfWeb\QyTech.SoftConfWeb.csproj", "{7B491F25-E9CD-4F5C-B295-BE7D491D7B91}"
EndProject
Project("{FAE04EC0-301F-11D3-BF4B-00C04F79EFBC}") = "QyTech.ExcelOper", "QyTech.Excel\QyTech.ExcelOper.csproj", "{FD78D2FE-09F3-4C11-9C27-88D1DBF120A8}"
EndProject
Project("{FAE04EC0-301F-11D3-BF4B-00C04F79EFBC}") = "Dao.HsdSale", "Dao.HsdSale\Dao.HsdSale.csproj", "{6B21180F-329B-4648-8EC3-DF140E1ABEFB}"
EndProject
Project("{FAE04EC0-301F-11D3-BF4B-00C04F79EFBC}") = "Dao.QyExpress", "Dao.QyExpress\Dao.QyExpress.csproj", "{D4A9BCF2-C96C-426D-BF01-FE40970C7F5C}"
EndProject
Project("{FAE04EC0-301F-11D3-BF4B-00C04F79EFBC}") = "QyExpress.Dao.WjGisDb2", "QyExpress.Dao.WjGisDb\QyExpress.Dao.WjGisDb2.csproj", "{C09307AF-87DD-425F-93C7-B665B71EF5F0}"
EndProject
Project("{FAE04EC0-301F-11D3-BF4B-00C04F79EFBC}") = "Dao.WjUp", "Dao.WjUp\Dao.WjUp.csproj", "{0BBD2050-4059-4B8E-82DC-F9C1270B4419}"
EndProject
Project("{FAE04EC0-301F-11D3-BF4B-00C04F79EFBC}") = "QyExpress.Dao.WjUp", "QyExpress.Dao.WjUp\QyExpress.Dao.WjUp.csproj", "{D2374486-4716-4BDA-9EF2-C991D0BD954B}"
EndProject
Project("{FAE04EC0-301F-11D3-BF4B-00C04F79EFBC}") = "Dao.WjUp2", "Dao.WjUp2\Dao.WjUp2.csproj", "{B79CAFA0-BC65-4FD2-80E9-D89634D0050C}"
EndProject
Project("{FAE04EC0-301F-11D3-BF4B-00C04F79EFBC}") = "QyExpress.Dao.WjUp2", "QyExpress.Dao.WjUp2\QyExpress.Dao.WjUp2.csproj", "{E21EB8E8-7FA5-4348-9ADF-BD3316705714}"
EndProject
Project("{FAE04EC0-301F-11D3-BF4B-00C04F79EFBC}") = "QyTech.LtdUp2", "QyTech.LtdUp2\QyTech.LtdUp2.csproj", "{86875855-3CA5-4ED6-9C44-3562242808BA}"
EndProject
Project("{FAE04EC0-301F-11D3-BF4B-00C04F79EFBC}") = "QyApp.LtdUp2", "QyApp.LtdUp2\QyApp.LtdUp2.csproj", "{2CF94428-D62F-42B3-A1D4-22D6E59175FF}"
EndProject
Project("{FAE04EC0-301F-11D3-BF4B-00C04F79EFBC}") = "QyApp.WjGis2", "QyApp.WjGis2\QyApp.WjGis2.csproj", "{6CDCEFC3-AF0D-49EE-A8BF-2A3D5C5A3657}"
EndProject
Project("{FAE04EC0-301F-11D3-BF4B-00C04F79EFBC}") = "QyApp.Express", "QyApp.Express\QyApp.Express.csproj", "{10A2F56A-85BF-4B69-B9BE-94B0B01B11C3}"
EndProject
Project("{FAE04EC0-301F-11D3-BF4B-00C04F79EFBC}") = "MsgSms", "MsgSms\MsgSms.csproj", "{DAE06E0F-F67E-41BA-90FE-AAF30EFD1681}"
EndProject
Project("{FAE04EC0-301F-11D3-BF4B-00C04F79EFBC}") = "MsgSmsTest", "MsgSmsTest\MsgSmsTest.csproj", "{26AE61C5-B833-42FF-ADDA-F542E4612E6F}"
EndProject
Project("{FAE04EC0-301F-11D3-BF4B-00C04F79EFBC}") = "QyApp.LtdUp2.WinForm", "QyApp.LtdUp2.WinForm\QyApp.LtdUp2.WinForm.csproj", "{C451B779-1307-40E0-A0C2-43256F83D604}"
EndProject
Project("{FAE04EC0-301F-11D3-BF4B-00C04F79EFBC}") = "QyApp.Medicine", "QyApp.Medicine\QyApp.Medicine.csproj", "{0488107E-DE88-4CD3-89CA-2359A5EA683C}"
EndProject
Project("{FAE04EC0-301F-11D3-BF4B-00C04F79EFBC}") = "Medicine_diabetes", "Medicine_diabetes\Medicine_diabetes.csproj", "{E5B708AC-3260-4D5E-87F4-A7BBD0F65327}"
EndProject
Project("{FAE04EC0-301F-11D3-BF4B-00C04F79EFBC}") = "Medicine_winForm", "Medicine_winForm\Medicine_winForm.csproj", "{2FEDFF71-3177-4373-9432-25E1672DB05F}"
EndProject
Project("{FAE04EC0-301F-11D3-BF4B-00C04F79EFBC}") = "MedicineWeb", "MeicineWeb\MedicineWeb.csproj", "{4FFF0EA8-D4C6-406A-8D15-1039484C0CE4}"
EndProject
Project("{FAE04EC0-301F-11D3-BF4B-00C04F79EFBC}") = "CommEntrance", "CommqyEntrance\CommEntrance.csproj", "{4E80EB4C-1E82-4F65-B08E-CB2E9300B6A9}"
EndProject
Project("{FAE04EC0-301F-11D3-BF4B-00C04F79EFBC}") = "qyWcfHost", "qyWcfService\qyWcfHost.csproj", "{AC3C4844-439E-4CF7-9DE5-EF853E8BF3B5}"
EndProject
Project("{FAE04EC0-301F-11D3-BF4B-00C04F79EFBC}") = "qyWcfServiceLib", "qyWcfServiceLib\qyWcfServiceLib.csproj", "{EB50CEDD-329A-4687-B956-0496ABCA24B4}"
EndProject
Project("{FAE04EC0-301F-11D3-BF4B-00C04F79EFBC}") = "QyTech.Auth.Dao", "QyExpress.Dao.WjUp\QyTech.Auth.Dao.csproj", "{D4108147-EED1-448E-BC12-3EDCE5DEF7B4}"
EndProject
Project("{FAE04EC0-301F-11D3-BF4B-00C04F79EFBC}") = "Dao.qyExpress.WjUp", "Dao.Express.WjUp\Dao.qyExpress.WjUp.csproj", "{EDA28C47-58E5-4D46-A240-94CB461E8A0B}"
EndProject
Project("{FAE04EC0-301F-11D3-BF4B-00C04F79EFBC}") = "QyApp.LtdUpWj", "QyApp.LtdUpWj\QyApp.LtdUpWj.csproj", "{0C763D31-BDE9-44F7-8ED4-732EC0CAA1C5}"
EndProject
Global
	GlobalSection(SolutionConfigurationPlatforms) = preSolution
		Debug|Any CPU = Debug|Any CPU
		Debug|x64 = Debug|x64
		Debug|x86 = Debug|x86
		Release|Any CPU = Release|Any CPU
		Release|x64 = Release|x64
		Release|x86 = Release|x86
	EndGlobalSection
	GlobalSection(ProjectConfigurationPlatforms) = postSolution
		{5CC1C215-71B9-4A36-A134-F4725EBDBA3D}.Debug|Any CPU.ActiveCfg = Debug|Any CPU
		{5CC1C215-71B9-4A36-A134-F4725EBDBA3D}.Debug|Any CPU.Build.0 = Debug|Any CPU
		{5CC1C215-71B9-4A36-A134-F4725EBDBA3D}.Debug|x64.ActiveCfg = Debug|Any CPU
		{5CC1C215-71B9-4A36-A134-F4725EBDBA3D}.Debug|x64.Build.0 = Debug|Any CPU
		{5CC1C215-71B9-4A36-A134-F4725EBDBA3D}.Debug|x86.ActiveCfg = Debug|Any CPU
		{5CC1C215-71B9-4A36-A134-F4725EBDBA3D}.Release|Any CPU.ActiveCfg = Release|Any CPU
		{5CC1C215-71B9-4A36-A134-F4725EBDBA3D}.Release|Any CPU.Build.0 = Release|Any CPU
		{5CC1C215-71B9-4A36-A134-F4725EBDBA3D}.Release|x64.ActiveCfg = Release|Any CPU
		{5CC1C215-71B9-4A36-A134-F4725EBDBA3D}.Release|x64.Build.0 = Release|Any CPU
		{5CC1C215-71B9-4A36-A134-F4725EBDBA3D}.Release|x86.ActiveCfg = Release|Any CPU
		{5E104C75-B11B-4206-8FEA-19ECE84D3601}.Debug|Any CPU.ActiveCfg = Debug|Any CPU
		{5E104C75-B11B-4206-8FEA-19ECE84D3601}.Debug|Any CPU.Build.0 = Debug|Any CPU
		{5E104C75-B11B-4206-8FEA-19ECE84D3601}.Debug|x64.ActiveCfg = Debug|Any CPU
		{5E104C75-B11B-4206-8FEA-19ECE84D3601}.Debug|x64.Build.0 = Debug|Any CPU
		{5E104C75-B11B-4206-8FEA-19ECE84D3601}.Debug|x86.ActiveCfg = Debug|x86
		{5E104C75-B11B-4206-8FEA-19ECE84D3601}.Debug|x86.Build.0 = Debug|x86
		{5E104C75-B11B-4206-8FEA-19ECE84D3601}.Release|Any CPU.ActiveCfg = Release|Any CPU
		{5E104C75-B11B-4206-8FEA-19ECE84D3601}.Release|Any CPU.Build.0 = Release|Any CPU
		{5E104C75-B11B-4206-8FEA-19ECE84D3601}.Release|x64.ActiveCfg = Release|Any CPU
		{5E104C75-B11B-4206-8FEA-19ECE84D3601}.Release|x64.Build.0 = Release|Any CPU
		{5E104C75-B11B-4206-8FEA-19ECE84D3601}.Release|x86.ActiveCfg = Release|x86
		{5E104C75-B11B-4206-8FEA-19ECE84D3601}.Release|x86.Build.0 = Release|x86
		{49B43142-BBA6-4BCD-B5CF-315A820D445B}.Debug|Any CPU.ActiveCfg = Debug|Any CPU
		{49B43142-BBA6-4BCD-B5CF-315A820D445B}.Debug|Any CPU.Build.0 = Debug|Any CPU
		{49B43142-BBA6-4BCD-B5CF-315A820D445B}.Debug|x64.ActiveCfg = Debug|Any CPU
		{49B43142-BBA6-4BCD-B5CF-315A820D445B}.Debug|x64.Build.0 = Debug|Any CPU
		{49B43142-BBA6-4BCD-B5CF-315A820D445B}.Debug|x86.ActiveCfg = Debug|Any CPU
		{49B43142-BBA6-4BCD-B5CF-315A820D445B}.Release|Any CPU.ActiveCfg = Release|Any CPU
		{49B43142-BBA6-4BCD-B5CF-315A820D445B}.Release|Any CPU.Build.0 = Release|Any CPU
		{49B43142-BBA6-4BCD-B5CF-315A820D445B}.Release|x64.ActiveCfg = Release|Any CPU
		{49B43142-BBA6-4BCD-B5CF-315A820D445B}.Release|x64.Build.0 = Release|Any CPU
		{49B43142-BBA6-4BCD-B5CF-315A820D445B}.Release|x86.ActiveCfg = Release|Any CPU
		{E3DEB9FF-30C0-46A3-B01A-D1754A65CFE6}.Debug|Any CPU.ActiveCfg = Debug|Any CPU
		{E3DEB9FF-30C0-46A3-B01A-D1754A65CFE6}.Debug|Any CPU.Build.0 = Debug|Any CPU
		{E3DEB9FF-30C0-46A3-B01A-D1754A65CFE6}.Debug|x64.ActiveCfg = Debug|Any CPU
		{E3DEB9FF-30C0-46A3-B01A-D1754A65CFE6}.Debug|x86.ActiveCfg = Debug|Any CPU
		{E3DEB9FF-30C0-46A3-B01A-D1754A65CFE6}.Release|Any CPU.ActiveCfg = Release|Any CPU
		{E3DEB9FF-30C0-46A3-B01A-D1754A65CFE6}.Release|Any CPU.Build.0 = Release|Any CPU
		{E3DEB9FF-30C0-46A3-B01A-D1754A65CFE6}.Release|x64.ActiveCfg = Release|Any CPU
		{E3DEB9FF-30C0-46A3-B01A-D1754A65CFE6}.Release|x86.ActiveCfg = Release|Any CPU
		{FC481234-AFC4-4A16-B836-3F32627F2811}.Debug|Any CPU.ActiveCfg = Debug|Any CPU
		{FC481234-AFC4-4A16-B836-3F32627F2811}.Debug|Any CPU.Build.0 = Debug|Any CPU
		{FC481234-AFC4-4A16-B836-3F32627F2811}.Debug|x64.ActiveCfg = Debug|Any CPU
		{FC481234-AFC4-4A16-B836-3F32627F2811}.Debug|x86.ActiveCfg = Debug|Any CPU
		{FC481234-AFC4-4A16-B836-3F32627F2811}.Release|Any CPU.ActiveCfg = Release|Any CPU
		{FC481234-AFC4-4A16-B836-3F32627F2811}.Release|Any CPU.Build.0 = Release|Any CPU
		{FC481234-AFC4-4A16-B836-3F32627F2811}.Release|x64.ActiveCfg = Release|Any CPU
		{FC481234-AFC4-4A16-B836-3F32627F2811}.Release|x86.ActiveCfg = Release|Any CPU
		{50A44E93-4328-467E-8944-A71E01615321}.Debug|Any CPU.ActiveCfg = Debug|Any CPU
		{50A44E93-4328-467E-8944-A71E01615321}.Debug|Any CPU.Build.0 = Debug|Any CPU
		{50A44E93-4328-467E-8944-A71E01615321}.Debug|x64.ActiveCfg = Debug|Any CPU
		{50A44E93-4328-467E-8944-A71E01615321}.Debug|x86.ActiveCfg = Debug|Any CPU
		{50A44E93-4328-467E-8944-A71E01615321}.Release|Any CPU.ActiveCfg = Release|Any CPU
		{50A44E93-4328-467E-8944-A71E01615321}.Release|Any CPU.Build.0 = Release|Any CPU
		{50A44E93-4328-467E-8944-A71E01615321}.Release|x64.ActiveCfg = Release|Any CPU
		{50A44E93-4328-467E-8944-A71E01615321}.Release|x86.ActiveCfg = Release|Any CPU
		{2250F0F8-43E1-4CC8-91C8-21F27407690A}.Debug|Any CPU.ActiveCfg = Debug|Any CPU
		{2250F0F8-43E1-4CC8-91C8-21F27407690A}.Debug|Any CPU.Build.0 = Debug|Any CPU
		{2250F0F8-43E1-4CC8-91C8-21F27407690A}.Debug|x64.ActiveCfg = Debug|Any CPU
		{2250F0F8-43E1-4CC8-91C8-21F27407690A}.Debug|x86.ActiveCfg = Debug|Any CPU
		{2250F0F8-43E1-4CC8-91C8-21F27407690A}.Release|Any CPU.ActiveCfg = Release|Any CPU
		{2250F0F8-43E1-4CC8-91C8-21F27407690A}.Release|Any CPU.Build.0 = Release|Any CPU
		{2250F0F8-43E1-4CC8-91C8-21F27407690A}.Release|x64.ActiveCfg = Release|Any CPU
		{2250F0F8-43E1-4CC8-91C8-21F27407690A}.Release|x86.ActiveCfg = Release|Any CPU
		{5AD51904-AC46-47A2-ADC6-76CBE63B038F}.Debug|Any CPU.ActiveCfg = Debug|Any CPU
		{5AD51904-AC46-47A2-ADC6-76CBE63B038F}.Debug|Any CPU.Build.0 = Debug|Any CPU
		{5AD51904-AC46-47A2-ADC6-76CBE63B038F}.Debug|x64.ActiveCfg = Debug|Any CPU
		{5AD51904-AC46-47A2-ADC6-76CBE63B038F}.Debug|x64.Build.0 = Debug|Any CPU
		{5AD51904-AC46-47A2-ADC6-76CBE63B038F}.Debug|x86.ActiveCfg = Debug|Any CPU
		{5AD51904-AC46-47A2-ADC6-76CBE63B038F}.Release|Any CPU.ActiveCfg = Release|Any CPU
		{5AD51904-AC46-47A2-ADC6-76CBE63B038F}.Release|Any CPU.Build.0 = Release|Any CPU
		{5AD51904-AC46-47A2-ADC6-76CBE63B038F}.Release|x64.ActiveCfg = Release|Any CPU
		{5AD51904-AC46-47A2-ADC6-76CBE63B038F}.Release|x64.Build.0 = Release|Any CPU
		{5AD51904-AC46-47A2-ADC6-76CBE63B038F}.Release|x86.ActiveCfg = Release|Any CPU
		{E9E60141-0E95-4682-BF4B-B27E9F082E3E}.Debug|Any CPU.ActiveCfg = Debug|Any CPU
		{E9E60141-0E95-4682-BF4B-B27E9F082E3E}.Debug|Any CPU.Build.0 = Debug|Any CPU
		{E9E60141-0E95-4682-BF4B-B27E9F082E3E}.Debug|x64.ActiveCfg = Debug|Any CPU
		{E9E60141-0E95-4682-BF4B-B27E9F082E3E}.Debug|x64.Build.0 = Debug|Any CPU
		{E9E60141-0E95-4682-BF4B-B27E9F082E3E}.Debug|x86.ActiveCfg = Debug|Any CPU
		{E9E60141-0E95-4682-BF4B-B27E9F082E3E}.Debug|x86.Build.0 = Debug|Any CPU
		{E9E60141-0E95-4682-BF4B-B27E9F082E3E}.Release|Any CPU.ActiveCfg = Release|Any CPU
		{E9E60141-0E95-4682-BF4B-B27E9F082E3E}.Release|Any CPU.Build.0 = Release|Any CPU
		{E9E60141-0E95-4682-BF4B-B27E9F082E3E}.Release|x64.ActiveCfg = Release|Any CPU
		{E9E60141-0E95-4682-BF4B-B27E9F082E3E}.Release|x64.Build.0 = Release|Any CPU
		{E9E60141-0E95-4682-BF4B-B27E9F082E3E}.Release|x86.ActiveCfg = Release|Any CPU
		{E9E60141-0E95-4682-BF4B-B27E9F082E3E}.Release|x86.Build.0 = Release|Any CPU
		{712E014E-BC82-4094-8078-CB0636993DE0}.Debug|Any CPU.ActiveCfg = Debug|Any CPU
		{712E014E-BC82-4094-8078-CB0636993DE0}.Debug|Any CPU.Build.0 = Debug|Any CPU
		{712E014E-BC82-4094-8078-CB0636993DE0}.Debug|x64.ActiveCfg = Debug|Any CPU
		{712E014E-BC82-4094-8078-CB0636993DE0}.Debug|x86.ActiveCfg = Debug|Any CPU
		{712E014E-BC82-4094-8078-CB0636993DE0}.Debug|x86.Build.0 = Debug|Any CPU
		{712E014E-BC82-4094-8078-CB0636993DE0}.Release|Any CPU.ActiveCfg = Release|Any CPU
		{712E014E-BC82-4094-8078-CB0636993DE0}.Release|Any CPU.Build.0 = Release|Any CPU
		{712E014E-BC82-4094-8078-CB0636993DE0}.Release|x64.ActiveCfg = Release|Any CPU
		{712E014E-BC82-4094-8078-CB0636993DE0}.Release|x86.ActiveCfg = Release|Any CPU
		{712E014E-BC82-4094-8078-CB0636993DE0}.Release|x86.Build.0 = Release|Any CPU
		{09B7032A-CD91-4AD6-924E-57AA71DBD60C}.Debug|Any CPU.ActiveCfg = Debug|Any CPU
		{09B7032A-CD91-4AD6-924E-57AA71DBD60C}.Debug|Any CPU.Build.0 = Debug|Any CPU
		{09B7032A-CD91-4AD6-924E-57AA71DBD60C}.Debug|x64.ActiveCfg = Debug|Any CPU
		{09B7032A-CD91-4AD6-924E-57AA71DBD60C}.Debug|x86.ActiveCfg = Debug|Any CPU
		{09B7032A-CD91-4AD6-924E-57AA71DBD60C}.Debug|x86.Build.0 = Debug|Any CPU
		{09B7032A-CD91-4AD6-924E-57AA71DBD60C}.Release|Any CPU.ActiveCfg = Release|Any CPU
		{09B7032A-CD91-4AD6-924E-57AA71DBD60C}.Release|Any CPU.Build.0 = Release|Any CPU
		{09B7032A-CD91-4AD6-924E-57AA71DBD60C}.Release|x64.ActiveCfg = Release|Any CPU
		{09B7032A-CD91-4AD6-924E-57AA71DBD60C}.Release|x86.ActiveCfg = Release|Any CPU
		{09B7032A-CD91-4AD6-924E-57AA71DBD60C}.Release|x86.Build.0 = Release|Any CPU
		{7B491F25-E9CD-4F5C-B295-BE7D491D7B91}.Debug|Any CPU.ActiveCfg = Debug|Any CPU
		{7B491F25-E9CD-4F5C-B295-BE7D491D7B91}.Debug|Any CPU.Build.0 = Debug|Any CPU
		{7B491F25-E9CD-4F5C-B295-BE7D491D7B91}.Debug|x64.ActiveCfg = Debug|Any CPU
		{7B491F25-E9CD-4F5C-B295-BE7D491D7B91}.Debug|x86.ActiveCfg = Debug|Any CPU
		{7B491F25-E9CD-4F5C-B295-BE7D491D7B91}.Debug|x86.Build.0 = Debug|Any CPU
		{7B491F25-E9CD-4F5C-B295-BE7D491D7B91}.Release|Any CPU.ActiveCfg = Release|Any CPU
		{7B491F25-E9CD-4F5C-B295-BE7D491D7B91}.Release|Any CPU.Build.0 = Release|Any CPU
		{7B491F25-E9CD-4F5C-B295-BE7D491D7B91}.Release|x64.ActiveCfg = Release|Any CPU
		{7B491F25-E9CD-4F5C-B295-BE7D491D7B91}.Release|x86.ActiveCfg = Release|Any CPU
		{7B491F25-E9CD-4F5C-B295-BE7D491D7B91}.Release|x86.Build.0 = Release|Any CPU
		{FD78D2FE-09F3-4C11-9C27-88D1DBF120A8}.Debug|Any CPU.ActiveCfg = Debug|Any CPU
		{FD78D2FE-09F3-4C11-9C27-88D1DBF120A8}.Debug|Any CPU.Build.0 = Debug|Any CPU
		{FD78D2FE-09F3-4C11-9C27-88D1DBF120A8}.Debug|x64.ActiveCfg = Debug|Any CPU
		{FD78D2FE-09F3-4C11-9C27-88D1DBF120A8}.Debug|x64.Build.0 = Debug|Any CPU
		{FD78D2FE-09F3-4C11-9C27-88D1DBF120A8}.Debug|x86.ActiveCfg = Debug|Any CPU
		{FD78D2FE-09F3-4C11-9C27-88D1DBF120A8}.Debug|x86.Build.0 = Debug|Any CPU
		{FD78D2FE-09F3-4C11-9C27-88D1DBF120A8}.Release|Any CPU.ActiveCfg = Release|Any CPU
		{FD78D2FE-09F3-4C11-9C27-88D1DBF120A8}.Release|Any CPU.Build.0 = Release|Any CPU
		{FD78D2FE-09F3-4C11-9C27-88D1DBF120A8}.Release|x64.ActiveCfg = Release|Any CPU
		{FD78D2FE-09F3-4C11-9C27-88D1DBF120A8}.Release|x64.Build.0 = Release|Any CPU
		{FD78D2FE-09F3-4C11-9C27-88D1DBF120A8}.Release|x86.ActiveCfg = Release|Any CPU
		{FD78D2FE-09F3-4C11-9C27-88D1DBF120A8}.Release|x86.Build.0 = Release|Any CPU
		{6B21180F-329B-4648-8EC3-DF140E1ABEFB}.Debug|Any CPU.ActiveCfg = Debug|Any CPU
		{6B21180F-329B-4648-8EC3-DF140E1ABEFB}.Debug|Any CPU.Build.0 = Debug|Any CPU
		{6B21180F-329B-4648-8EC3-DF140E1ABEFB}.Debug|x64.ActiveCfg = Debug|Any CPU
		{6B21180F-329B-4648-8EC3-DF140E1ABEFB}.Debug|x86.ActiveCfg = Debug|Any CPU
		{6B21180F-329B-4648-8EC3-DF140E1ABEFB}.Debug|x86.Build.0 = Debug|Any CPU
		{6B21180F-329B-4648-8EC3-DF140E1ABEFB}.Release|Any CPU.ActiveCfg = Release|Any CPU
		{6B21180F-329B-4648-8EC3-DF140E1ABEFB}.Release|Any CPU.Build.0 = Release|Any CPU
		{6B21180F-329B-4648-8EC3-DF140E1ABEFB}.Release|x64.ActiveCfg = Release|Any CPU
		{6B21180F-329B-4648-8EC3-DF140E1ABEFB}.Release|x86.ActiveCfg = Release|Any CPU
		{6B21180F-329B-4648-8EC3-DF140E1ABEFB}.Release|x86.Build.0 = Release|Any CPU
		{D4A9BCF2-C96C-426D-BF01-FE40970C7F5C}.Debug|Any CPU.ActiveCfg = Debug|Any CPU
		{D4A9BCF2-C96C-426D-BF01-FE40970C7F5C}.Debug|Any CPU.Build.0 = Debug|Any CPU
		{D4A9BCF2-C96C-426D-BF01-FE40970C7F5C}.Debug|x64.ActiveCfg = Debug|Any CPU
		{D4A9BCF2-C96C-426D-BF01-FE40970C7F5C}.Debug|x86.ActiveCfg = Debug|Any CPU
		{D4A9BCF2-C96C-426D-BF01-FE40970C7F5C}.Debug|x86.Build.0 = Debug|Any CPU
		{D4A9BCF2-C96C-426D-BF01-FE40970C7F5C}.Release|Any CPU.ActiveCfg = Release|Any CPU
		{D4A9BCF2-C96C-426D-BF01-FE40970C7F5C}.Release|Any CPU.Build.0 = Release|Any CPU
		{D4A9BCF2-C96C-426D-BF01-FE40970C7F5C}.Release|x64.ActiveCfg = Release|Any CPU
		{D4A9BCF2-C96C-426D-BF01-FE40970C7F5C}.Release|x86.ActiveCfg = Release|Any CPU
		{D4A9BCF2-C96C-426D-BF01-FE40970C7F5C}.Release|x86.Build.0 = Release|Any CPU
		{C09307AF-87DD-425F-93C7-B665B71EF5F0}.Debug|Any CPU.ActiveCfg = Debug|Any CPU
		{C09307AF-87DD-425F-93C7-B665B71EF5F0}.Debug|Any CPU.Build.0 = Debug|Any CPU
		{C09307AF-87DD-425F-93C7-B665B71EF5F0}.Debug|x64.ActiveCfg = Debug|Any CPU
		{C09307AF-87DD-425F-93C7-B665B71EF5F0}.Debug|x64.Build.0 = Debug|Any CPU
		{C09307AF-87DD-425F-93C7-B665B71EF5F0}.Debug|x86.ActiveCfg = Debug|Any CPU
		{C09307AF-87DD-425F-93C7-B665B71EF5F0}.Debug|x86.Build.0 = Debug|Any CPU
		{C09307AF-87DD-425F-93C7-B665B71EF5F0}.Release|Any CPU.ActiveCfg = Release|Any CPU
		{C09307AF-87DD-425F-93C7-B665B71EF5F0}.Release|Any CPU.Build.0 = Release|Any CPU
		{C09307AF-87DD-425F-93C7-B665B71EF5F0}.Release|x64.ActiveCfg = Release|Any CPU
		{C09307AF-87DD-425F-93C7-B665B71EF5F0}.Release|x64.Build.0 = Release|Any CPU
		{C09307AF-87DD-425F-93C7-B665B71EF5F0}.Release|x86.ActiveCfg = Release|Any CPU
		{C09307AF-87DD-425F-93C7-B665B71EF5F0}.Release|x86.Build.0 = Release|Any CPU
		{0BBD2050-4059-4B8E-82DC-F9C1270B4419}.Debug|Any CPU.ActiveCfg = Debug|Any CPU
		{0BBD2050-4059-4B8E-82DC-F9C1270B4419}.Debug|Any CPU.Build.0 = Debug|Any CPU
		{0BBD2050-4059-4B8E-82DC-F9C1270B4419}.Debug|x64.ActiveCfg = Debug|Any CPU
		{0BBD2050-4059-4B8E-82DC-F9C1270B4419}.Debug|x86.ActiveCfg = Debug|Any CPU
		{0BBD2050-4059-4B8E-82DC-F9C1270B4419}.Debug|x86.Build.0 = Debug|Any CPU
		{0BBD2050-4059-4B8E-82DC-F9C1270B4419}.Release|Any CPU.ActiveCfg = Release|Any CPU
		{0BBD2050-4059-4B8E-82DC-F9C1270B4419}.Release|Any CPU.Build.0 = Release|Any CPU
		{0BBD2050-4059-4B8E-82DC-F9C1270B4419}.Release|x64.ActiveCfg = Release|Any CPU
		{0BBD2050-4059-4B8E-82DC-F9C1270B4419}.Release|x86.ActiveCfg = Release|Any CPU
		{0BBD2050-4059-4B8E-82DC-F9C1270B4419}.Release|x86.Build.0 = Release|Any CPU
		{D2374486-4716-4BDA-9EF2-C991D0BD954B}.Debug|Any CPU.ActiveCfg = Debug|Any CPU
		{D2374486-4716-4BDA-9EF2-C991D0BD954B}.Debug|Any CPU.Build.0 = Debug|Any CPU
		{D2374486-4716-4BDA-9EF2-C991D0BD954B}.Debug|x64.ActiveCfg = Debug|Any CPU
		{D2374486-4716-4BDA-9EF2-C991D0BD954B}.Debug|x86.ActiveCfg = Debug|Any CPU
		{D2374486-4716-4BDA-9EF2-C991D0BD954B}.Debug|x86.Build.0 = Debug|Any CPU
		{D2374486-4716-4BDA-9EF2-C991D0BD954B}.Release|Any CPU.ActiveCfg = Release|Any CPU
		{D2374486-4716-4BDA-9EF2-C991D0BD954B}.Release|Any CPU.Build.0 = Release|Any CPU
		{D2374486-4716-4BDA-9EF2-C991D0BD954B}.Release|x64.ActiveCfg = Release|Any CPU
		{D2374486-4716-4BDA-9EF2-C991D0BD954B}.Release|x86.ActiveCfg = Release|Any CPU
		{D2374486-4716-4BDA-9EF2-C991D0BD954B}.Release|x86.Build.0 = Release|Any CPU
		{B79CAFA0-BC65-4FD2-80E9-D89634D0050C}.Debug|Any CPU.ActiveCfg = Debug|Any CPU
		{B79CAFA0-BC65-4FD2-80E9-D89634D0050C}.Debug|Any CPU.Build.0 = Debug|Any CPU
		{B79CAFA0-BC65-4FD2-80E9-D89634D0050C}.Debug|x64.ActiveCfg = Debug|Any CPU
		{B79CAFA0-BC65-4FD2-80E9-D89634D0050C}.Debug|x64.Build.0 = Debug|Any CPU
		{B79CAFA0-BC65-4FD2-80E9-D89634D0050C}.Debug|x86.ActiveCfg = Debug|Any CPU
		{B79CAFA0-BC65-4FD2-80E9-D89634D0050C}.Debug|x86.Build.0 = Debug|Any CPU
		{B79CAFA0-BC65-4FD2-80E9-D89634D0050C}.Release|Any CPU.ActiveCfg = Release|Any CPU
		{B79CAFA0-BC65-4FD2-80E9-D89634D0050C}.Release|Any CPU.Build.0 = Release|Any CPU
		{B79CAFA0-BC65-4FD2-80E9-D89634D0050C}.Release|x64.ActiveCfg = Release|Any CPU
		{B79CAFA0-BC65-4FD2-80E9-D89634D0050C}.Release|x64.Build.0 = Release|Any CPU
		{B79CAFA0-BC65-4FD2-80E9-D89634D0050C}.Release|x86.ActiveCfg = Release|Any CPU
		{B79CAFA0-BC65-4FD2-80E9-D89634D0050C}.Release|x86.Build.0 = Release|Any CPU
		{E21EB8E8-7FA5-4348-9ADF-BD3316705714}.Debug|Any CPU.ActiveCfg = Debug|Any CPU
		{E21EB8E8-7FA5-4348-9ADF-BD3316705714}.Debug|Any CPU.Build.0 = Debug|Any CPU
		{E21EB8E8-7FA5-4348-9ADF-BD3316705714}.Debug|x64.ActiveCfg = Debug|Any CPU
		{E21EB8E8-7FA5-4348-9ADF-BD3316705714}.Debug|x64.Build.0 = Debug|Any CPU
		{E21EB8E8-7FA5-4348-9ADF-BD3316705714}.Debug|x86.ActiveCfg = Debug|Any CPU
		{E21EB8E8-7FA5-4348-9ADF-BD3316705714}.Debug|x86.Build.0 = Debug|Any CPU
		{E21EB8E8-7FA5-4348-9ADF-BD3316705714}.Release|Any CPU.ActiveCfg = Release|Any CPU
		{E21EB8E8-7FA5-4348-9ADF-BD3316705714}.Release|Any CPU.Build.0 = Release|Any CPU
		{E21EB8E8-7FA5-4348-9ADF-BD3316705714}.Release|x64.ActiveCfg = Release|Any CPU
		{E21EB8E8-7FA5-4348-9ADF-BD3316705714}.Release|x64.Build.0 = Release|Any CPU
		{E21EB8E8-7FA5-4348-9ADF-BD3316705714}.Release|x86.ActiveCfg = Release|Any CPU
		{E21EB8E8-7FA5-4348-9ADF-BD3316705714}.Release|x86.Build.0 = Release|Any CPU
		{86875855-3CA5-4ED6-9C44-3562242808BA}.Debug|Any CPU.ActiveCfg = Debug|Any CPU
		{86875855-3CA5-4ED6-9C44-3562242808BA}.Debug|Any CPU.Build.0 = Debug|Any CPU
		{86875855-3CA5-4ED6-9C44-3562242808BA}.Debug|x64.ActiveCfg = Debug|Any CPU
		{86875855-3CA5-4ED6-9C44-3562242808BA}.Debug|x86.ActiveCfg = Debug|Any CPU
		{86875855-3CA5-4ED6-9C44-3562242808BA}.Debug|x86.Build.0 = Debug|Any CPU
		{86875855-3CA5-4ED6-9C44-3562242808BA}.Release|Any CPU.ActiveCfg = Release|Any CPU
		{86875855-3CA5-4ED6-9C44-3562242808BA}.Release|Any CPU.Build.0 = Release|Any CPU
		{86875855-3CA5-4ED6-9C44-3562242808BA}.Release|x64.ActiveCfg = Release|Any CPU
		{86875855-3CA5-4ED6-9C44-3562242808BA}.Release|x86.ActiveCfg = Release|Any CPU
		{86875855-3CA5-4ED6-9C44-3562242808BA}.Release|x86.Build.0 = Release|Any CPU
		{2CF94428-D62F-42B3-A1D4-22D6E59175FF}.Debug|Any CPU.ActiveCfg = Debug|Any CPU
		{2CF94428-D62F-42B3-A1D4-22D6E59175FF}.Debug|Any CPU.Build.0 = Debug|Any CPU
		{2CF94428-D62F-42B3-A1D4-22D6E59175FF}.Debug|x64.ActiveCfg = Debug|Any CPU
		{2CF94428-D62F-42B3-A1D4-22D6E59175FF}.Debug|x64.Build.0 = Debug|Any CPU
		{2CF94428-D62F-42B3-A1D4-22D6E59175FF}.Debug|x86.ActiveCfg = Debug|Any CPU
		{2CF94428-D62F-42B3-A1D4-22D6E59175FF}.Debug|x86.Build.0 = Debug|Any CPU
		{2CF94428-D62F-42B3-A1D4-22D6E59175FF}.Release|Any CPU.ActiveCfg = Release|Any CPU
		{2CF94428-D62F-42B3-A1D4-22D6E59175FF}.Release|Any CPU.Build.0 = Release|Any CPU
		{2CF94428-D62F-42B3-A1D4-22D6E59175FF}.Release|x64.ActiveCfg = Release|Any CPU
		{2CF94428-D62F-42B3-A1D4-22D6E59175FF}.Release|x64.Build.0 = Release|Any CPU
		{2CF94428-D62F-42B3-A1D4-22D6E59175FF}.Release|x86.ActiveCfg = Release|Any CPU
		{2CF94428-D62F-42B3-A1D4-22D6E59175FF}.Release|x86.Build.0 = Release|Any CPU
		{6CDCEFC3-AF0D-49EE-A8BF-2A3D5C5A3657}.Debug|Any CPU.ActiveCfg = Debug|Any CPU
		{6CDCEFC3-AF0D-49EE-A8BF-2A3D5C5A3657}.Debug|Any CPU.Build.0 = Debug|Any CPU
		{6CDCEFC3-AF0D-49EE-A8BF-2A3D5C5A3657}.Debug|x64.ActiveCfg = Debug|Any CPU
		{6CDCEFC3-AF0D-49EE-A8BF-2A3D5C5A3657}.Debug|x64.Build.0 = Debug|Any CPU
		{6CDCEFC3-AF0D-49EE-A8BF-2A3D5C5A3657}.Debug|x86.ActiveCfg = Debug|Any CPU
		{6CDCEFC3-AF0D-49EE-A8BF-2A3D5C5A3657}.Debug|x86.Build.0 = Debug|Any CPU
		{6CDCEFC3-AF0D-49EE-A8BF-2A3D5C5A3657}.Release|Any CPU.ActiveCfg = Release|Any CPU
		{6CDCEFC3-AF0D-49EE-A8BF-2A3D5C5A3657}.Release|Any CPU.Build.0 = Release|Any CPU
		{6CDCEFC3-AF0D-49EE-A8BF-2A3D5C5A3657}.Release|x64.ActiveCfg = Release|Any CPU
		{6CDCEFC3-AF0D-49EE-A8BF-2A3D5C5A3657}.Release|x64.Build.0 = Release|Any CPU
		{6CDCEFC3-AF0D-49EE-A8BF-2A3D5C5A3657}.Release|x86.ActiveCfg = Release|Any CPU
		{6CDCEFC3-AF0D-49EE-A8BF-2A3D5C5A3657}.Release|x86.Build.0 = Release|Any CPU
		{10A2F56A-85BF-4B69-B9BE-94B0B01B11C3}.Debug|Any CPU.ActiveCfg = Debug|Any CPU
		{10A2F56A-85BF-4B69-B9BE-94B0B01B11C3}.Debug|Any CPU.Build.0 = Debug|Any CPU
		{10A2F56A-85BF-4B69-B9BE-94B0B01B11C3}.Debug|x64.ActiveCfg = Debug|Any CPU
		{10A2F56A-85BF-4B69-B9BE-94B0B01B11C3}.Debug|x64.Build.0 = Debug|Any CPU
		{10A2F56A-85BF-4B69-B9BE-94B0B01B11C3}.Debug|x86.ActiveCfg = Debug|Any CPU
		{10A2F56A-85BF-4B69-B9BE-94B0B01B11C3}.Debug|x86.Build.0 = Debug|Any CPU
		{10A2F56A-85BF-4B69-B9BE-94B0B01B11C3}.Release|Any CPU.ActiveCfg = Release|Any CPU
		{10A2F56A-85BF-4B69-B9BE-94B0B01B11C3}.Release|Any CPU.Build.0 = Release|Any CPU
		{10A2F56A-85BF-4B69-B9BE-94B0B01B11C3}.Release|x64.ActiveCfg = Release|Any CPU
		{10A2F56A-85BF-4B69-B9BE-94B0B01B11C3}.Release|x64.Build.0 = Release|Any CPU
		{10A2F56A-85BF-4B69-B9BE-94B0B01B11C3}.Release|x86.ActiveCfg = Release|Any CPU
		{10A2F56A-85BF-4B69-B9BE-94B0B01B11C3}.Release|x86.Build.0 = Release|Any CPU
		{DAE06E0F-F67E-41BA-90FE-AAF30EFD1681}.Debug|Any CPU.ActiveCfg = Debug|Any CPU
		{DAE06E0F-F67E-41BA-90FE-AAF30EFD1681}.Debug|Any CPU.Build.0 = Debug|Any CPU
		{DAE06E0F-F67E-41BA-90FE-AAF30EFD1681}.Debug|x64.ActiveCfg = Debug|Any CPU
		{DAE06E0F-F67E-41BA-90FE-AAF30EFD1681}.Debug|x64.Build.0 = Debug|Any CPU
		{DAE06E0F-F67E-41BA-90FE-AAF30EFD1681}.Debug|x86.ActiveCfg = Debug|Any CPU
		{DAE06E0F-F67E-41BA-90FE-AAF30EFD1681}.Debug|x86.Build.0 = Debug|Any CPU
		{DAE06E0F-F67E-41BA-90FE-AAF30EFD1681}.Release|Any CPU.ActiveCfg = Release|Any CPU
		{DAE06E0F-F67E-41BA-90FE-AAF30EFD1681}.Release|Any CPU.Build.0 = Release|Any CPU
		{DAE06E0F-F67E-41BA-90FE-AAF30EFD1681}.Release|x64.ActiveCfg = Release|Any CPU
		{DAE06E0F-F67E-41BA-90FE-AAF30EFD1681}.Release|x64.Build.0 = Release|Any CPU
		{DAE06E0F-F67E-41BA-90FE-AAF30EFD1681}.Release|x86.ActiveCfg = Release|Any CPU
		{DAE06E0F-F67E-41BA-90FE-AAF30EFD1681}.Release|x86.Build.0 = Release|Any CPU
		{26AE61C5-B833-42FF-ADDA-F542E4612E6F}.Debug|Any CPU.ActiveCfg = Debug|Any CPU
		{26AE61C5-B833-42FF-ADDA-F542E4612E6F}.Debug|Any CPU.Build.0 = Debug|Any CPU
		{26AE61C5-B833-42FF-ADDA-F542E4612E6F}.Debug|x64.ActiveCfg = Debug|Any CPU
		{26AE61C5-B833-42FF-ADDA-F542E4612E6F}.Debug|x64.Build.0 = Debug|Any CPU
		{26AE61C5-B833-42FF-ADDA-F542E4612E6F}.Debug|x86.ActiveCfg = Debug|Any CPU
		{26AE61C5-B833-42FF-ADDA-F542E4612E6F}.Debug|x86.Build.0 = Debug|Any CPU
		{26AE61C5-B833-42FF-ADDA-F542E4612E6F}.Release|Any CPU.ActiveCfg = Release|Any CPU
		{26AE61C5-B833-42FF-ADDA-F542E4612E6F}.Release|Any CPU.Build.0 = Release|Any CPU
		{26AE61C5-B833-42FF-ADDA-F542E4612E6F}.Release|x64.ActiveCfg = Release|Any CPU
		{26AE61C5-B833-42FF-ADDA-F542E4612E6F}.Release|x64.Build.0 = Release|Any CPU
		{26AE61C5-B833-42FF-ADDA-F542E4612E6F}.Release|x86.ActiveCfg = Release|Any CPU
		{26AE61C5-B833-42FF-ADDA-F542E4612E6F}.Release|x86.Build.0 = Release|Any CPU
		{C451B779-1307-40E0-A0C2-43256F83D604}.Debug|Any CPU.ActiveCfg = Debug|Any CPU
		{C451B779-1307-40E0-A0C2-43256F83D604}.Debug|Any CPU.Build.0 = Debug|Any CPU
		{C451B779-1307-40E0-A0C2-43256F83D604}.Debug|x64.ActiveCfg = Debug|Any CPU
		{C451B779-1307-40E0-A0C2-43256F83D604}.Debug|x64.Build.0 = Debug|Any CPU
		{C451B779-1307-40E0-A0C2-43256F83D604}.Debug|x86.ActiveCfg = Debug|Any CPU
		{C451B779-1307-40E0-A0C2-43256F83D604}.Debug|x86.Build.0 = Debug|Any CPU
		{C451B779-1307-40E0-A0C2-43256F83D604}.Release|Any CPU.ActiveCfg = Release|Any CPU
		{C451B779-1307-40E0-A0C2-43256F83D604}.Release|Any CPU.Build.0 = Release|Any CPU
		{C451B779-1307-40E0-A0C2-43256F83D604}.Release|x64.ActiveCfg = Release|Any CPU
		{C451B779-1307-40E0-A0C2-43256F83D604}.Release|x64.Build.0 = Release|Any CPU
		{C451B779-1307-40E0-A0C2-43256F83D604}.Release|x86.ActiveCfg = Release|Any CPU
		{C451B779-1307-40E0-A0C2-43256F83D604}.Release|x86.Build.0 = Release|Any CPU
		{0488107E-DE88-4CD3-89CA-2359A5EA683C}.Debug|Any CPU.ActiveCfg = Debug|Any CPU
		{0488107E-DE88-4CD3-89CA-2359A5EA683C}.Debug|Any CPU.Build.0 = Debug|Any CPU
		{0488107E-DE88-4CD3-89CA-2359A5EA683C}.Debug|x64.ActiveCfg = Debug|Any CPU
		{0488107E-DE88-4CD3-89CA-2359A5EA683C}.Debug|x64.Build.0 = Debug|Any CPU
		{0488107E-DE88-4CD3-89CA-2359A5EA683C}.Debug|x86.ActiveCfg = Debug|Any CPU
		{0488107E-DE88-4CD3-89CA-2359A5EA683C}.Debug|x86.Build.0 = Debug|Any CPU
		{0488107E-DE88-4CD3-89CA-2359A5EA683C}.Release|Any CPU.ActiveCfg = Release|Any CPU
		{0488107E-DE88-4CD3-89CA-2359A5EA683C}.Release|Any CPU.Build.0 = Release|Any CPU
		{0488107E-DE88-4CD3-89CA-2359A5EA683C}.Release|x64.ActiveCfg = Release|Any CPU
		{0488107E-DE88-4CD3-89CA-2359A5EA683C}.Release|x64.Build.0 = Release|Any CPU
		{0488107E-DE88-4CD3-89CA-2359A5EA683C}.Release|x86.ActiveCfg = Release|Any CPU
		{0488107E-DE88-4CD3-89CA-2359A5EA683C}.Release|x86.Build.0 = Release|Any CPU
		{E5B708AC-3260-4D5E-87F4-A7BBD0F65327}.Debug|Any CPU.ActiveCfg = Debug|Any CPU
		{E5B708AC-3260-4D5E-87F4-A7BBD0F65327}.Debug|Any CPU.Build.0 = Debug|Any CPU
		{E5B708AC-3260-4D5E-87F4-A7BBD0F65327}.Debug|x64.ActiveCfg = Debug|Any CPU
		{E5B708AC-3260-4D5E-87F4-A7BBD0F65327}.Debug|x64.Build.0 = Debug|Any CPU
		{E5B708AC-3260-4D5E-87F4-A7BBD0F65327}.Debug|x86.ActiveCfg = Debug|Any CPU
		{E5B708AC-3260-4D5E-87F4-A7BBD0F65327}.Debug|x86.Build.0 = Debug|Any CPU
		{E5B708AC-3260-4D5E-87F4-A7BBD0F65327}.Release|Any CPU.ActiveCfg = Release|Any CPU
		{E5B708AC-3260-4D5E-87F4-A7BBD0F65327}.Release|Any CPU.Build.0 = Release|Any CPU
		{E5B708AC-3260-4D5E-87F4-A7BBD0F65327}.Release|x64.ActiveCfg = Release|Any CPU
		{E5B708AC-3260-4D5E-87F4-A7BBD0F65327}.Release|x64.Build.0 = Release|Any CPU
		{E5B708AC-3260-4D5E-87F4-A7BBD0F65327}.Release|x86.ActiveCfg = Release|Any CPU
		{E5B708AC-3260-4D5E-87F4-A7BBD0F65327}.Release|x86.Build.0 = Release|Any CPU
		{2FEDFF71-3177-4373-9432-25E1672DB05F}.Debug|Any CPU.ActiveCfg = Debug|Any CPU
		{2FEDFF71-3177-4373-9432-25E1672DB05F}.Debug|Any CPU.Build.0 = Debug|Any CPU
		{2FEDFF71-3177-4373-9432-25E1672DB05F}.Debug|x64.ActiveCfg = Debug|Any CPU
		{2FEDFF71-3177-4373-9432-25E1672DB05F}.Debug|x64.Build.0 = Debug|Any CPU
		{2FEDFF71-3177-4373-9432-25E1672DB05F}.Debug|x86.ActiveCfg = Debug|Any CPU
		{2FEDFF71-3177-4373-9432-25E1672DB05F}.Debug|x86.Build.0 = Debug|Any CPU
		{2FEDFF71-3177-4373-9432-25E1672DB05F}.Release|Any CPU.ActiveCfg = Release|Any CPU
		{2FEDFF71-3177-4373-9432-25E1672DB05F}.Release|Any CPU.Build.0 = Release|Any CPU
		{2FEDFF71-3177-4373-9432-25E1672DB05F}.Release|x64.ActiveCfg = Release|Any CPU
		{2FEDFF71-3177-4373-9432-25E1672DB05F}.Release|x64.Build.0 = Release|Any CPU
		{2FEDFF71-3177-4373-9432-25E1672DB05F}.Release|x86.ActiveCfg = Release|Any CPU
		{2FEDFF71-3177-4373-9432-25E1672DB05F}.Release|x86.Build.0 = Release|Any CPU
		{4FFF0EA8-D4C6-406A-8D15-1039484C0CE4}.Debug|Any CPU.ActiveCfg = Debug|Any CPU
		{4FFF0EA8-D4C6-406A-8D15-1039484C0CE4}.Debug|Any CPU.Build.0 = Debug|Any CPU
		{4FFF0EA8-D4C6-406A-8D15-1039484C0CE4}.Debug|x64.ActiveCfg = Debug|Any CPU
		{4FFF0EA8-D4C6-406A-8D15-1039484C0CE4}.Debug|x64.Build.0 = Debug|Any CPU
		{4FFF0EA8-D4C6-406A-8D15-1039484C0CE4}.Debug|x86.ActiveCfg = Debug|Any CPU
		{4FFF0EA8-D4C6-406A-8D15-1039484C0CE4}.Debug|x86.Build.0 = Debug|Any CPU
		{4FFF0EA8-D4C6-406A-8D15-1039484C0CE4}.Release|Any CPU.ActiveCfg = Release|Any CPU
		{4FFF0EA8-D4C6-406A-8D15-1039484C0CE4}.Release|Any CPU.Build.0 = Release|Any CPU
		{4FFF0EA8-D4C6-406A-8D15-1039484C0CE4}.Release|x64.ActiveCfg = Release|Any CPU
		{4FFF0EA8-D4C6-406A-8D15-1039484C0CE4}.Release|x64.Build.0 = Release|Any CPU
		{4FFF0EA8-D4C6-406A-8D15-1039484C0CE4}.Release|x86.ActiveCfg = Release|Any CPU
		{4FFF0EA8-D4C6-406A-8D15-1039484C0CE4}.Release|x86.Build.0 = Release|Any CPU
		{4E80EB4C-1E82-4F65-B08E-CB2E9300B6A9}.Debug|Any CPU.ActiveCfg = Debug|Any CPU
		{4E80EB4C-1E82-4F65-B08E-CB2E9300B6A9}.Debug|Any CPU.Build.0 = Debug|Any CPU
		{4E80EB4C-1E82-4F65-B08E-CB2E9300B6A9}.Debug|x64.ActiveCfg = Debug|Any CPU
		{4E80EB4C-1E82-4F65-B08E-CB2E9300B6A9}.Debug|x64.Build.0 = Debug|Any CPU
		{4E80EB4C-1E82-4F65-B08E-CB2E9300B6A9}.Debug|x86.ActiveCfg = Debug|Any CPU
		{4E80EB4C-1E82-4F65-B08E-CB2E9300B6A9}.Debug|x86.Build.0 = Debug|Any CPU
		{4E80EB4C-1E82-4F65-B08E-CB2E9300B6A9}.Release|Any CPU.ActiveCfg = Release|Any CPU
		{4E80EB4C-1E82-4F65-B08E-CB2E9300B6A9}.Release|Any CPU.Build.0 = Release|Any CPU
		{4E80EB4C-1E82-4F65-B08E-CB2E9300B6A9}.Release|x64.ActiveCfg = Release|Any CPU
		{4E80EB4C-1E82-4F65-B08E-CB2E9300B6A9}.Release|x64.Build.0 = Release|Any CPU
		{4E80EB4C-1E82-4F65-B08E-CB2E9300B6A9}.Release|x86.ActiveCfg = Release|Any CPU
		{4E80EB4C-1E82-4F65-B08E-CB2E9300B6A9}.Release|x86.Build.0 = Release|Any CPU
		{AC3C4844-439E-4CF7-9DE5-EF853E8BF3B5}.Debug|Any CPU.ActiveCfg = Debug|Any CPU
		{AC3C4844-439E-4CF7-9DE5-EF853E8BF3B5}.Debug|Any CPU.Build.0 = Debug|Any CPU
		{AC3C4844-439E-4CF7-9DE5-EF853E8BF3B5}.Debug|x64.ActiveCfg = Debug|Any CPU
		{AC3C4844-439E-4CF7-9DE5-EF853E8BF3B5}.Debug|x64.Build.0 = Debug|Any CPU
		{AC3C4844-439E-4CF7-9DE5-EF853E8BF3B5}.Debug|x86.ActiveCfg = Debug|Any CPU
		{AC3C4844-439E-4CF7-9DE5-EF853E8BF3B5}.Debug|x86.Build.0 = Debug|Any CPU
		{AC3C4844-439E-4CF7-9DE5-EF853E8BF3B5}.Release|Any CPU.ActiveCfg = Release|Any CPU
		{AC3C4844-439E-4CF7-9DE5-EF853E8BF3B5}.Release|Any CPU.Build.0 = Release|Any CPU
		{AC3C4844-439E-4CF7-9DE5-EF853E8BF3B5}.Release|x64.ActiveCfg = Release|Any CPU
		{AC3C4844-439E-4CF7-9DE5-EF853E8BF3B5}.Release|x64.Build.0 = Release|Any CPU
		{AC3C4844-439E-4CF7-9DE5-EF853E8BF3B5}.Release|x86.ActiveCfg = Release|Any CPU
		{AC3C4844-439E-4CF7-9DE5-EF853E8BF3B5}.Release|x86.Build.0 = Release|Any CPU
		{EB50CEDD-329A-4687-B956-0496ABCA24B4}.Debug|Any CPU.ActiveCfg = Debug|Any CPU
		{EB50CEDD-329A-4687-B956-0496ABCA24B4}.Debug|Any CPU.Build.0 = Debug|Any CPU
		{EB50CEDD-329A-4687-B956-0496ABCA24B4}.Debug|x64.ActiveCfg = Debug|Any CPU
		{EB50CEDD-329A-4687-B956-0496ABCA24B4}.Debug|x64.Build.0 = Debug|Any CPU
		{EB50CEDD-329A-4687-B956-0496ABCA24B4}.Debug|x86.ActiveCfg = Debug|Any CPU
		{EB50CEDD-329A-4687-B956-0496ABCA24B4}.Debug|x86.Build.0 = Debug|Any CPU
		{EB50CEDD-329A-4687-B956-0496ABCA24B4}.Release|Any CPU.ActiveCfg = Release|Any CPU
		{EB50CEDD-329A-4687-B956-0496ABCA24B4}.Release|Any CPU.Build.0 = Release|Any CPU
		{EB50CEDD-329A-4687-B956-0496ABCA24B4}.Release|x64.ActiveCfg = Release|Any CPU
		{EB50CEDD-329A-4687-B956-0496ABCA24B4}.Release|x64.Build.0 = Release|Any CPU
		{EB50CEDD-329A-4687-B956-0496ABCA24B4}.Release|x86.ActiveCfg = Release|Any CPU
		{EB50CEDD-329A-4687-B956-0496ABCA24B4}.Release|x86.Build.0 = Release|Any CPU
		{D4108147-EED1-448E-BC12-3EDCE5DEF7B4}.Debug|Any CPU.ActiveCfg = Debug|Any CPU
		{D4108147-EED1-448E-BC12-3EDCE5DEF7B4}.Debug|Any CPU.Build.0 = Debug|Any CPU
		{D4108147-EED1-448E-BC12-3EDCE5DEF7B4}.Debug|x64.ActiveCfg = Debug|Any CPU
		{D4108147-EED1-448E-BC12-3EDCE5DEF7B4}.Debug|x64.Build.0 = Debug|Any CPU
		{D4108147-EED1-448E-BC12-3EDCE5DEF7B4}.Debug|x86.ActiveCfg = Debug|Any CPU
		{D4108147-EED1-448E-BC12-3EDCE5DEF7B4}.Debug|x86.Build.0 = Debug|Any CPU
		{D4108147-EED1-448E-BC12-3EDCE5DEF7B4}.Release|Any CPU.ActiveCfg = Release|Any CPU
		{D4108147-EED1-448E-BC12-3EDCE5DEF7B4}.Release|Any CPU.Build.0 = Release|Any CPU
		{D4108147-EED1-448E-BC12-3EDCE5DEF7B4}.Release|x64.ActiveCfg = Release|Any CPU
		{D4108147-EED1-448E-BC12-3EDCE5DEF7B4}.Release|x64.Build.0 = Release|Any CPU
		{D4108147-EED1-448E-BC12-3EDCE5DEF7B4}.Release|x86.ActiveCfg = Release|Any CPU
		{D4108147-EED1-448E-BC12-3EDCE5DEF7B4}.Release|x86.Build.0 = Release|Any CPU
		{EDA28C47-58E5-4D46-A240-94CB461E8A0B}.Debug|Any CPU.ActiveCfg = Debug|Any CPU
		{EDA28C47-58E5-4D46-A240-94CB461E8A0B}.Debug|Any CPU.Build.0 = Debug|Any CPU
		{EDA28C47-58E5-4D46-A240-94CB461E8A0B}.Debug|x64.ActiveCfg = Debug|Any CPU
		{EDA28C47-58E5-4D46-A240-94CB461E8A0B}.Debug|x64.Build.0 = Debug|Any CPU
		{EDA28C47-58E5-4D46-A240-94CB461E8A0B}.Debug|x86.ActiveCfg = Debug|Any CPU
		{EDA28C47-58E5-4D46-A240-94CB461E8A0B}.Debug|x86.Build.0 = Debug|Any CPU
		{EDA28C47-58E5-4D46-A240-94CB461E8A0B}.Release|Any CPU.ActiveCfg = Release|Any CPU
		{EDA28C47-58E5-4D46-A240-94CB461E8A0B}.Release|Any CPU.Build.0 = Release|Any CPU
		{EDA28C47-58E5-4D46-A240-94CB461E8A0B}.Release|x64.ActiveCfg = Release|Any CPU
		{EDA28C47-58E5-4D46-A240-94CB461E8A0B}.Release|x64.Build.0 = Release|Any CPU
		{EDA28C47-58E5-4D46-A240-94CB461E8A0B}.Release|x86.ActiveCfg = Release|Any CPU
		{EDA28C47-58E5-4D46-A240-94CB461E8A0B}.Release|x86.Build.0 = Release|Any CPU
		{0C763D31-BDE9-44F7-8ED4-732EC0CAA1C5}.Debug|Any CPU.ActiveCfg = Debug|Any CPU
		{0C763D31-BDE9-44F7-8ED4-732EC0CAA1C5}.Debug|Any CPU.Build.0 = Debug|Any CPU
		{0C763D31-BDE9-44F7-8ED4-732EC0CAA1C5}.Debug|x64.ActiveCfg = Debug|Any CPU
		{0C763D31-BDE9-44F7-8ED4-732EC0CAA1C5}.Debug|x64.Build.0 = Debug|Any CPU
		{0C763D31-BDE9-44F7-8ED4-732EC0CAA1C5}.Debug|x86.ActiveCfg = Debug|Any CPU
		{0C763D31-BDE9-44F7-8ED4-732EC0CAA1C5}.Debug|x86.Build.0 = Debug|Any CPU
		{0C763D31-BDE9-44F7-8ED4-732EC0CAA1C5}.Release|Any CPU.ActiveCfg = Release|Any CPU
		{0C763D31-BDE9-44F7-8ED4-732EC0CAA1C5}.Release|Any CPU.Build.0 = Release|Any CPU
		{0C763D31-BDE9-44F7-8ED4-732EC0CAA1C5}.Release|x64.ActiveCfg = Release|Any CPU
		{0C763D31-BDE9-44F7-8ED4-732EC0CAA1C5}.Release|x64.Build.0 = Release|Any CPU
		{0C763D31-BDE9-44F7-8ED4-732EC0CAA1C5}.Release|x86.ActiveCfg = Release|Any CPU
		{0C763D31-BDE9-44F7-8ED4-732EC0CAA1C5}.Release|x86.Build.0 = Release|Any CPU
	EndGlobalSection
	GlobalSection(SolutionProperties) = preSolution
		HideSolutionNode = FALSE
	EndGlobalSection
	GlobalSection(ExtensibilityGlobals) = postSolution
		SolutionGuid = {61D64255-B4A6-4416-A0F4-F3BEC403FB26}
	EndGlobalSection
EndGlobal
